// !$*UTF8*$!
{
	archiveVersion = 1;
	classes = {
	};
	objectVersion = 56;
	objects = {

/* Begin PBXBuildFile section */
		A5C575C32A57AE5D0021CC23 /* EmbriApp.swift in Sources */ = {isa = PBXBuildFile; fileRef = A5C575C22A57AE5D0021CC23 /* EmbriApp.swift */; };
		A5C575C52A57AE5D0021CC23 /* Persistence.swift in Sources */ = {isa = PBXBuildFile; fileRef = A5C575C42A57AE5D0021CC23 /* Persistence.swift */; };
		A5C575C82A57AE5D0021CC23 /* embri.xcdatamodeld in Sources */ = {isa = PBXBuildFile; fileRef = A5C575C62A57AE5D0021CC23 /* embri.xcdatamodeld */; };
		A5C575CA2A57AE5D0021CC23 /* ContentView.swift in Sources */ = {isa = PBXBuildFile; fileRef = A5C575C92A57AE5D0021CC23 /* ContentView.swift */; };
		A5C575CC2A57AE5E0021CC23 /* Assets.xcassets in Resources */ = {isa = PBXBuildFile; fileRef = A5C575CB2A57AE5E0021CC23 /* Assets.xcassets */; };
		A5C575D02A57AE5E0021CC23 /* Preview Assets.xcassets in Resources */ = {isa = PBXBuildFile; fileRef = A5C575CF2A57AE5E0021CC23 /* Preview Assets.xcassets */; };
		A5C575E02A57BFCB0021CC23 /* floriani.json in Resources */ = {isa = PBXBuildFile; fileRef = A5C575DF2A57BFCB0021CC23 /* floriani.json */; };
		A5C575E32A57C1340021CC23 /* SwiftyJSON in Frameworks */ = {isa = PBXBuildFile; productRef = A5C575E22A57C1340021CC23 /* SwiftyJSON */; };
		A5C575E62A57C2840021CC23 /* Floriani.swift in Sources */ = {isa = PBXBuildFile; fileRef = A5C575E52A57C2840021CC23 /* Floriani.swift */; };
		A5C575E82A57D27E0021CC23 /* ThreadList.swift in Sources */ = {isa = PBXBuildFile; fileRef = A5C575E72A57D27E0021CC23 /* ThreadList.swift */; };
		A5C575EA2A57DE090021CC23 /* brother.json in Resources */ = {isa = PBXBuildFile; fileRef = A5C575E92A57DE090021CC23 /* brother.json */; };
		A5C575EC2A57DE5F0021CC23 /* Brother.swift in Sources */ = {isa = PBXBuildFile; fileRef = A5C575EB2A57DE5F0021CC23 /* Brother.swift */; };
		A5C575EE2A57DE970021CC23 /* ThreadBrand.swift in Sources */ = {isa = PBXBuildFile; fileRef = A5C575ED2A57DE970021CC23 /* ThreadBrand.swift */; };
		A5C575F02A57DF2C0021CC23 /* BrandThreadSection.swift in Sources */ = {isa = PBXBuildFile; fileRef = A5C575EF2A57DF2C0021CC23 /* BrandThreadSection.swift */; };
		A5C575F22A57DF8C0021CC23 /* Thread.swift in Sources */ = {isa = PBXBuildFile; fileRef = A5C575F12A57DF8C0021CC23 /* Thread.swift */; };
/* End PBXBuildFile section */

/* Begin PBXFileReference section */
		A5C575BF2A57AE5D0021CC23 /* embri.app */ = {isa = PBXFileReference; explicitFileType = wrapper.application; includeInIndex = 0; path = embri.app; sourceTree = BUILT_PRODUCTS_DIR; };
		A5C575C22A57AE5D0021CC23 /* EmbriApp.swift */ = {isa = PBXFileReference; lastKnownFileType = sourcecode.swift; path = EmbriApp.swift; sourceTree = "<group>"; };
		A5C575C42A57AE5D0021CC23 /* Persistence.swift */ = {isa = PBXFileReference; lastKnownFileType = sourcecode.swift; path = Persistence.swift; sourceTree = "<group>"; };
		A5C575C72A57AE5D0021CC23 /* embri.xcdatamodel */ = {isa = PBXFileReference; lastKnownFileType = wrapper.xcdatamodel; path = embri.xcdatamodel; sourceTree = "<group>"; };
		A5C575C92A57AE5D0021CC23 /* ContentView.swift */ = {isa = PBXFileReference; lastKnownFileType = sourcecode.swift; path = ContentView.swift; sourceTree = "<group>"; };
		A5C575CB2A57AE5E0021CC23 /* Assets.xcassets */ = {isa = PBXFileReference; lastKnownFileType = folder.assetcatalog; path = Assets.xcassets; sourceTree = "<group>"; };
		A5C575CD2A57AE5E0021CC23 /* embri.entitlements */ = {isa = PBXFileReference; lastKnownFileType = text.plist.entitlements; path = embri.entitlements; sourceTree = "<group>"; };
		A5C575CF2A57AE5E0021CC23 /* Preview Assets.xcassets */ = {isa = PBXFileReference; lastKnownFileType = folder.assetcatalog; path = "Preview Assets.xcassets"; sourceTree = "<group>"; };
		A5C575DF2A57BFCB0021CC23 /* floriani.json */ = {isa = PBXFileReference; fileEncoding = 4; lastKnownFileType = text.json; path = floriani.json; sourceTree = "<group>"; };
		A5C575E52A57C2840021CC23 /* Floriani.swift */ = {isa = PBXFileReference; lastKnownFileType = sourcecode.swift; path = Floriani.swift; sourceTree = "<group>"; };
		A5C575E72A57D27E0021CC23 /* ThreadList.swift */ = {isa = PBXFileReference; lastKnownFileType = sourcecode.swift; path = ThreadList.swift; sourceTree = "<group>"; };
		A5C575E92A57DE090021CC23 /* brother.json */ = {isa = PBXFileReference; lastKnownFileType = text.json; path = brother.json; sourceTree = "<group>"; };
		A5C575EB2A57DE5F0021CC23 /* Brother.swift */ = {isa = PBXFileReference; fileEncoding = 4; lastKnownFileType = sourcecode.swift; path = Brother.swift; sourceTree = "<group>"; };
		A5C575ED2A57DE970021CC23 /* ThreadBrand.swift */ = {isa = PBXFileReference; lastKnownFileType = sourcecode.swift; path = ThreadBrand.swift; sourceTree = "<group>"; };
		A5C575EF2A57DF2C0021CC23 /* BrandThreadSection.swift */ = {isa = PBXFileReference; lastKnownFileType = sourcecode.swift; path = BrandThreadSection.swift; sourceTree = "<group>"; };
		A5C575F12A57DF8C0021CC23 /* Thread.swift */ = {isa = PBXFileReference; lastKnownFileType = sourcecode.swift; path = Thread.swift; sourceTree = "<group>"; };
/* End PBXFileReference section */

/* Begin PBXFrameworksBuildPhase section */
		A5C575BC2A57AE5D0021CC23 /* Frameworks */ = {
			isa = PBXFrameworksBuildPhase;
			buildActionMask = 2147483647;
			files = (
				A5C575E32A57C1340021CC23 /* SwiftyJSON in Frameworks */,
			);
			runOnlyForDeploymentPostprocessing = 0;
		};
/* End PBXFrameworksBuildPhase section */

/* Begin PBXGroup section */
		A5C575B62A57AE5D0021CC23 = {
			isa = PBXGroup;
			children = (
				A5C575C12A57AE5D0021CC23 /* embri */,
				A5C575C02A57AE5D0021CC23 /* Products */,
			);
			sourceTree = "<group>";
		};
		A5C575C02A57AE5D0021CC23 /* Products */ = {
			isa = PBXGroup;
			children = (
				A5C575BF2A57AE5D0021CC23 /* embri.app */,
			);
			name = Products;
			sourceTree = "<group>";
		};
		A5C575C12A57AE5D0021CC23 /* embri */ = {
			isa = PBXGroup;
			children = (
				A5C575E42A57C2730021CC23 /* Models */,
				A5C575C22A57AE5D0021CC23 /* EmbriApp.swift */,
				A5C575C42A57AE5D0021CC23 /* Persistence.swift */,
				A5C575C92A57AE5D0021CC23 /* ContentView.swift */,
				A5C575E72A57D27E0021CC23 /* ThreadList.swift */,
				A5C575EF2A57DF2C0021CC23 /* BrandThreadSection.swift */,
				A5C575CB2A57AE5E0021CC23 /* Assets.xcassets */,
				A5C575CD2A57AE5E0021CC23 /* embri.entitlements */,
				A5C575C62A57AE5D0021CC23 /* embri.xcdatamodeld */,
				A5C575CE2A57AE5E0021CC23 /* Preview Content */,
			);
			path = embri;
			sourceTree = "<group>";
		};
		A5C575CE2A57AE5E0021CC23 /* Preview Content */ = {
			isa = PBXGroup;
			children = (
				A5C575CF2A57AE5E0021CC23 /* Preview Assets.xcassets */,
			);
			path = "Preview Content";
			sourceTree = "<group>";
		};
		A5C575DA2A57B5CA0021CC23 /* data */ = {
			isa = PBXGroup;
			children = (
				A5C575DF2A57BFCB0021CC23 /* floriani.json */,
				A5C575E92A57DE090021CC23 /* brother.json */,
			);
			path = data;
			sourceTree = "<group>";
		};
		A5C575E42A57C2730021CC23 /* Models */ = {
			isa = PBXGroup;
			children = (
				A5C575DA2A57B5CA0021CC23 /* data */,
				A5C575E52A57C2840021CC23 /* Floriani.swift */,
				A5C575EB2A57DE5F0021CC23 /* Brother.swift */,
				A5C575ED2A57DE970021CC23 /* ThreadBrand.swift */,
				A5C575F12A57DF8C0021CC23 /* Thread.swift */,
			);
			path = Models;
			sourceTree = "<group>";
		};
/* End PBXGroup section */

/* Begin PBXNativeTarget section */
		A5C575BE2A57AE5D0021CC23 /* embri */ = {
			isa = PBXNativeTarget;
			buildConfigurationList = A5C575D32A57AE5E0021CC23 /* Build configuration list for PBXNativeTarget "embri" */;
			buildPhases = (
				A5C575BB2A57AE5D0021CC23 /* Sources */,
				A5C575BC2A57AE5D0021CC23 /* Frameworks */,
				A5C575BD2A57AE5D0021CC23 /* Resources */,
			);
			buildRules = (
			);
			dependencies = (
			);
			name = embri;
			packageProductDependencies = (
				A5C575E22A57C1340021CC23 /* SwiftyJSON */,
			);
			productName = embri;
			productReference = A5C575BF2A57AE5D0021CC23 /* embri.app */;
			productType = "com.apple.product-type.application";
		};
/* End PBXNativeTarget section */

/* Begin PBXProject section */
		A5C575B72A57AE5D0021CC23 /* Project object */ = {
			isa = PBXProject;
			attributes = {
				BuildIndependentTargetsInParallel = 1;
				LastSwiftUpdateCheck = 1430;
				LastUpgradeCheck = 1430;
				TargetAttributes = {
					A5C575BE2A57AE5D0021CC23 = {
						CreatedOnToolsVersion = 14.3.1;
					};
				};
			};
			buildConfigurationList = A5C575BA2A57AE5D0021CC23 /* Build configuration list for PBXProject "embri" */;
			compatibilityVersion = "Xcode 14.0";
			developmentRegion = en;
			hasScannedForEncodings = 0;
			knownRegions = (
				en,
				Base,
			);
			mainGroup = A5C575B62A57AE5D0021CC23;
			packageReferences = (
				A5C575E12A57C1340021CC23 /* XCRemoteSwiftPackageReference "SwiftyJSON" */,
			);
			productRefGroup = A5C575C02A57AE5D0021CC23 /* Products */;
			projectDirPath = "";
			projectRoot = "";
			targets = (
				A5C575BE2A57AE5D0021CC23 /* embri */,
			);
		};
/* End PBXProject section */

/* Begin PBXResourcesBuildPhase section */
		A5C575BD2A57AE5D0021CC23 /* Resources */ = {
			isa = PBXResourcesBuildPhase;
			buildActionMask = 2147483647;
			files = (
				A5C575E02A57BFCB0021CC23 /* floriani.json in Resources */,
				A5C575D02A57AE5E0021CC23 /* Preview Assets.xcassets in Resources */,
				A5C575EA2A57DE090021CC23 /* brother.json in Resources */,
				A5C575CC2A57AE5E0021CC23 /* Assets.xcassets in Resources */,
			);
			runOnlyForDeploymentPostprocessing = 0;
		};
/* End PBXResourcesBuildPhase section */

/* Begin PBXSourcesBuildPhase section */
		A5C575BB2A57AE5D0021CC23 /* Sources */ = {
			isa = PBXSourcesBuildPhase;
			buildActionMask = 2147483647;
			files = (
				A5C575C32A57AE5D0021CC23 /* EmbriApp.swift in Sources */,
				A5C575F22A57DF8C0021CC23 /* Thread.swift in Sources */,
				A5C575E82A57D27E0021CC23 /* ThreadList.swift in Sources */,
				A5C575C52A57AE5D0021CC23 /* Persistence.swift in Sources */,
				A5C575EE2A57DE970021CC23 /* ThreadBrand.swift in Sources */,
				A5C575F02A57DF2C0021CC23 /* BrandThreadSection.swift in Sources */,
				A5C575CA2A57AE5D0021CC23 /* ContentView.swift in Sources */,
				A5C575C82A57AE5D0021CC23 /* embri.xcdatamodeld in Sources */,
				A5C575E62A57C2840021CC23 /* Floriani.swift in Sources */,
				A5C575EC2A57DE5F0021CC23 /* Brother.swift in Sources */,
			);
			runOnlyForDeploymentPostprocessing = 0;
		};
/* End PBXSourcesBuildPhase section */

/* Begin XCBuildConfiguration section */
		A5C575D12A57AE5E0021CC23 /* Debug */ = {
			isa = XCBuildConfiguration;
			buildSettings = {
				ALWAYS_SEARCH_USER_PATHS = NO;
				CLANG_ANALYZER_NONNULL = YES;
				CLANG_ANALYZER_NUMBER_OBJECT_CONVERSION = YES_AGGRESSIVE;
				CLANG_CXX_LANGUAGE_STANDARD = "gnu++20";
				CLANG_ENABLE_MODULES = YES;
				CLANG_ENABLE_OBJC_ARC = YES;
				CLANG_ENABLE_OBJC_WEAK = YES;
				CLANG_WARN_BLOCK_CAPTURE_AUTORELEASING = YES;
				CLANG_WARN_BOOL_CONVERSION = YES;
				CLANG_WARN_COMMA = YES;
				CLANG_WARN_CONSTANT_CONVERSION = YES;
				CLANG_WARN_DEPRECATED_OBJC_IMPLEMENTATIONS = YES;
				CLANG_WARN_DIRECT_OBJC_ISA_USAGE = YES_ERROR;
				CLANG_WARN_DOCUMENTATION_COMMENTS = YES;
				CLANG_WARN_EMPTY_BODY = YES;
				CLANG_WARN_ENUM_CONVERSION = YES;
				CLANG_WARN_INFINITE_RECURSION = YES;
				CLANG_WARN_INT_CONVERSION = YES;
				CLANG_WARN_NON_LITERAL_NULL_CONVERSION = YES;
				CLANG_WARN_OBJC_IMPLICIT_RETAIN_SELF = YES;
				CLANG_WARN_OBJC_LITERAL_CONVERSION = YES;
				CLANG_WARN_OBJC_ROOT_CLASS = YES_ERROR;
				CLANG_WARN_QUOTED_INCLUDE_IN_FRAMEWORK_HEADER = YES;
				CLANG_WARN_RANGE_LOOP_ANALYSIS = YES;
				CLANG_WARN_STRICT_PROTOTYPES = YES;
				CLANG_WARN_SUSPICIOUS_MOVE = YES;
				CLANG_WARN_UNGUARDED_AVAILABILITY = YES_AGGRESSIVE;
				CLANG_WARN_UNREACHABLE_CODE = YES;
				CLANG_WARN__DUPLICATE_METHOD_MATCH = YES;
				COPY_PHASE_STRIP = NO;
				DEBUG_INFORMATION_FORMAT = dwarf;
				ENABLE_STRICT_OBJC_MSGSEND = YES;
				ENABLE_TESTABILITY = YES;
				GCC_C_LANGUAGE_STANDARD = gnu11;
				GCC_DYNAMIC_NO_PIC = NO;
				GCC_NO_COMMON_BLOCKS = YES;
				GCC_OPTIMIZATION_LEVEL = 0;
				GCC_PREPROCESSOR_DEFINITIONS = (
					"DEBUG=1",
					"$(inherited)",
				);
				GCC_WARN_64_TO_32_BIT_CONVERSION = YES;
				GCC_WARN_ABOUT_RETURN_TYPE = YES_ERROR;
				GCC_WARN_UNDECLARED_SELECTOR = YES;
				GCC_WARN_UNINITIALIZED_AUTOS = YES_AGGRESSIVE;
				GCC_WARN_UNUSED_FUNCTION = YES;
				GCC_WARN_UNUSED_VARIABLE = YES;
				MTL_ENABLE_DEBUG_INFO = INCLUDE_SOURCE;
				MTL_FAST_MATH = YES;
				ONLY_ACTIVE_ARCH = YES;
				SWIFT_ACTIVE_COMPILATION_CONDITIONS = DEBUG;
				SWIFT_OPTIMIZATION_LEVEL = "-Onone";
			};
			name = Debug;
		};
		A5C575D22A57AE5E0021CC23 /* Release */ = {
			isa = XCBuildConfiguration;
			buildSettings = {
				ALWAYS_SEARCH_USER_PATHS = NO;
				CLANG_ANALYZER_NONNULL = YES;
				CLANG_ANALYZER_NUMBER_OBJECT_CONVERSION = YES_AGGRESSIVE;
				CLANG_CXX_LANGUAGE_STANDARD = "gnu++20";
				CLANG_ENABLE_MODULES = YES;
				CLANG_ENABLE_OBJC_ARC = YES;
				CLANG_ENABLE_OBJC_WEAK = YES;
				CLANG_WARN_BLOCK_CAPTURE_AUTORELEASING = YES;
				CLANG_WARN_BOOL_CONVERSION = YES;
				CLANG_WARN_COMMA = YES;
				CLANG_WARN_CONSTANT_CONVERSION = YES;
				CLANG_WARN_DEPRECATED_OBJC_IMPLEMENTATIONS = YES;
				CLANG_WARN_DIRECT_OBJC_ISA_USAGE = YES_ERROR;
				CLANG_WARN_DOCUMENTATION_COMMENTS = YES;
				CLANG_WARN_EMPTY_BODY = YES;
				CLANG_WARN_ENUM_CONVERSION = YES;
				CLANG_WARN_INFINITE_RECURSION = YES;
				CLANG_WARN_INT_CONVERSION = YES;
				CLANG_WARN_NON_LITERAL_NULL_CONVERSION = YES;
				CLANG_WARN_OBJC_IMPLICIT_RETAIN_SELF = YES;
				CLANG_WARN_OBJC_LITERAL_CONVERSION = YES;
				CLANG_WARN_OBJC_ROOT_CLASS = YES_ERROR;
				CLANG_WARN_QUOTED_INCLUDE_IN_FRAMEWORK_HEADER = YES;
				CLANG_WARN_RANGE_LOOP_ANALYSIS = YES;
				CLANG_WARN_STRICT_PROTOTYPES = YES;
				CLANG_WARN_SUSPICIOUS_MOVE = YES;
				CLANG_WARN_UNGUARDED_AVAILABILITY = YES_AGGRESSIVE;
				CLANG_WARN_UNREACHABLE_CODE = YES;
				CLANG_WARN__DUPLICATE_METHOD_MATCH = YES;
				COPY_PHASE_STRIP = NO;
				DEBUG_INFORMATION_FORMAT = "dwarf-with-dsym";
				ENABLE_NS_ASSERTIONS = NO;
				ENABLE_STRICT_OBJC_MSGSEND = YES;
				GCC_C_LANGUAGE_STANDARD = gnu11;
				GCC_NO_COMMON_BLOCKS = YES;
				GCC_WARN_64_TO_32_BIT_CONVERSION = YES;
				GCC_WARN_ABOUT_RETURN_TYPE = YES_ERROR;
				GCC_WARN_UNDECLARED_SELECTOR = YES;
				GCC_WARN_UNINITIALIZED_AUTOS = YES_AGGRESSIVE;
				GCC_WARN_UNUSED_FUNCTION = YES;
				GCC_WARN_UNUSED_VARIABLE = YES;
				MTL_ENABLE_DEBUG_INFO = NO;
				MTL_FAST_MATH = YES;
				SWIFT_COMPILATION_MODE = wholemodule;
				SWIFT_OPTIMIZATION_LEVEL = "-O";
			};
			name = Release;
		};
		A5C575D42A57AE5E0021CC23 /* Debug */ = {
			isa = XCBuildConfiguration;
			buildSettings = {
				ASSETCATALOG_COMPILER_APPICON_NAME = AppIcon;
				ASSETCATALOG_COMPILER_GLOBAL_ACCENT_COLOR_NAME = AccentColor;
				CODE_SIGN_ENTITLEMENTS = embri/embri.entitlements;
				"CODE_SIGN_IDENTITY[sdk=macosx*]" = "-";
				CODE_SIGN_STYLE = Automatic;
				CURRENT_PROJECT_VERSION = 1;
				DEVELOPMENT_ASSET_PATHS = "\"embri/Preview Content\"";
				DEVELOPMENT_TEAM = ZXSQ3G6SJ4;
				ENABLE_PREVIEWS = YES;
				GENERATE_INFOPLIST_FILE = YES;
				INFOPLIST_KEY_CFBundleDisplayName = Embri;
				INFOPLIST_KEY_LSApplicationCategoryType = "public.app-category.utilities";
				"INFOPLIST_KEY_UIApplicationSceneManifest_Generation[sdk=iphoneos*]" = YES;
				"INFOPLIST_KEY_UIApplicationSceneManifest_Generation[sdk=iphonesimulator*]" = YES;
				"INFOPLIST_KEY_UIApplicationSupportsIndirectInputEvents[sdk=iphoneos*]" = YES;
				"INFOPLIST_KEY_UIApplicationSupportsIndirectInputEvents[sdk=iphonesimulator*]" = YES;
				"INFOPLIST_KEY_UILaunchScreen_Generation[sdk=iphoneos*]" = YES;
				"INFOPLIST_KEY_UILaunchScreen_Generation[sdk=iphonesimulator*]" = YES;
				"INFOPLIST_KEY_UIStatusBarStyle[sdk=iphoneos*]" = UIStatusBarStyleDefault;
				"INFOPLIST_KEY_UIStatusBarStyle[sdk=iphonesimulator*]" = UIStatusBarStyleDefault;
				INFOPLIST_KEY_UISupportedInterfaceOrientations_iPad = "UIInterfaceOrientationPortrait UIInterfaceOrientationPortraitUpsideDown UIInterfaceOrientationLandscapeLeft UIInterfaceOrientationLandscapeRight";
				INFOPLIST_KEY_UISupportedInterfaceOrientations_iPhone = "UIInterfaceOrientationPortrait UIInterfaceOrientationLandscapeLeft UIInterfaceOrientationLandscapeRight";
				IPHONEOS_DEPLOYMENT_TARGET = 16.4;
				LD_RUNPATH_SEARCH_PATHS = "@executable_path/Frameworks";
				"LD_RUNPATH_SEARCH_PATHS[sdk=macosx*]" = "@executable_path/../Frameworks";
				MACOSX_DEPLOYMENT_TARGET = 13.3;
				MARKETING_VERSION = 1.0;
				PRODUCT_BUNDLE_IDENTIFIER = io.bobkat.embri;
				PRODUCT_NAME = "$(TARGET_NAME)";
				SDKROOT = auto;
				SUPPORTED_PLATFORMS = "iphoneos iphonesimulator macosx";
				SWIFT_EMIT_LOC_STRINGS = YES;
				SWIFT_VERSION = 5.0;
				TARGETED_DEVICE_FAMILY = "1,2";
			};
			name = Debug;
		};
		A5C575D52A57AE5E0021CC23 /* Release */ = {
			isa = XCBuildConfiguration;
			buildSettings = {
				ASSETCATALOG_COMPILER_APPICON_NAME = AppIcon;
				ASSETCATALOG_COMPILER_GLOBAL_ACCENT_COLOR_NAME = AccentColor;
				CODE_SIGN_ENTITLEMENTS = embri/embri.entitlements;
				"CODE_SIGN_IDENTITY[sdk=macosx*]" = "-";
				CODE_SIGN_STYLE = Automatic;
				CURRENT_PROJECT_VERSION = 1;
				DEVELOPMENT_ASSET_PATHS = "\"embri/Preview Content\"";
				DEVELOPMENT_TEAM = ZXSQ3G6SJ4;
				ENABLE_PREVIEWS = YES;
				GENERATE_INFOPLIST_FILE = YES;
				INFOPLIST_KEY_CFBundleDisplayName = Embri;
				INFOPLIST_KEY_LSApplicationCategoryType = "public.app-category.utilities";
				"INFOPLIST_KEY_UIApplicationSceneManifest_Generation[sdk=iphoneos*]" = YES;
				"INFOPLIST_KEY_UIApplicationSceneManifest_Generation[sdk=iphonesimulator*]" = YES;
				"INFOPLIST_KEY_UIApplicationSupportsIndirectInputEvents[sdk=iphoneos*]" = YES;
				"INFOPLIST_KEY_UIApplicationSupportsIndirectInputEvents[sdk=iphonesimulator*]" = YES;
				"INFOPLIST_KEY_UILaunchScreen_Generation[sdk=iphoneos*]" = YES;
				"INFOPLIST_KEY_UILaunchScreen_Generation[sdk=iphonesimulator*]" = YES;
				"INFOPLIST_KEY_UIStatusBarStyle[sdk=iphoneos*]" = UIStatusBarStyleDefault;
				"INFOPLIST_KEY_UIStatusBarStyle[sdk=iphonesimulator*]" = UIStatusBarStyleDefault;
				INFOPLIST_KEY_UISupportedInterfaceOrientations_iPad = "UIInterfaceOrientationPortrait UIInterfaceOrientationPortraitUpsideDown UIInterfaceOrientationLandscapeLeft UIInterfaceOrientationLandscapeRight";
				INFOPLIST_KEY_UISupportedInterfaceOrientations_iPhone = "UIInterfaceOrientationPortrait UIInterfaceOrientationLandscapeLeft UIInterfaceOrientationLandscapeRight";
				IPHONEOS_DEPLOYMENT_TARGET = 16.4;
				LD_RUNPATH_SEARCH_PATHS = "@executable_path/Frameworks";
				"LD_RUNPATH_SEARCH_PATHS[sdk=macosx*]" = "@executable_path/../Frameworks";
				MACOSX_DEPLOYMENT_TARGET = 13.3;
				MARKETING_VERSION = 1.0;
				PRODUCT_BUNDLE_IDENTIFIER = io.bobkat.embri;
				PRODUCT_NAME = "$(TARGET_NAME)";
				SDKROOT = auto;
				SUPPORTED_PLATFORMS = "iphoneos iphonesimulator macosx";
				SWIFT_EMIT_LOC_STRINGS = YES;
				SWIFT_VERSION = 5.0;
				TARGETED_DEVICE_FAMILY = "1,2";
			};
			name = Release;
		};
/* End XCBuildConfiguration section */

/* Begin XCConfigurationList section */
		A5C575BA2A57AE5D0021CC23 /* Build configuration list for PBXProject "embri" */ = {
			isa = XCConfigurationList;
			buildConfigurations = (
				A5C575D12A57AE5E0021CC23 /* Debug */,
				A5C575D22A57AE5E0021CC23 /* Release */,
			);
			defaultConfigurationIsVisible = 0;
			defaultConfigurationName = Release;
		};
		A5C575D32A57AE5E0021CC23 /* Build configuration list for PBXNativeTarget "embri" */ = {
			isa = XCConfigurationList;
			buildConfigurations = (
				A5C575D42A57AE5E0021CC23 /* Debug */,
				A5C575D52A57AE5E0021CC23 /* Release */,
			);
			defaultConfigurationIsVisible = 0;
			defaultConfigurationName = Release;
		};
/* End XCConfigurationList section */

/* Begin XCRemoteSwiftPackageReference section */
		A5C575E12A57C1340021CC23 /* XCRemoteSwiftPackageReference "SwiftyJSON" */ = {
			isa = XCRemoteSwiftPackageReference;
			repositoryURL = "https://github.com/SwiftyJSON/SwiftyJSON.git";
			requirement = {
				kind = upToNextMajorVersion;
				minimumVersion = 5.0.0;
			};
		};
/* End XCRemoteSwiftPackageReference section */

/* Begin XCSwiftPackageProductDependency section */
		A5C575E22A57C1340021CC23 /* SwiftyJSON */ = {
			isa = XCSwiftPackageProductDependency;
			package = A5C575E12A57C1340021CC23 /* XCRemoteSwiftPackageReference "SwiftyJSON" */;
			productName = SwiftyJSON;
		};
/* End XCSwiftPackageProductDependency section */

/* Begin XCVersionGroup section */
		A5C575C62A57AE5D0021CC23 /* embri.xcdatamodeld */ = {
			isa = XCVersionGroup;
			children = (
				A5C575C72A57AE5D0021CC23 /* embri.xcdatamodel */,
			);
			currentVersion = A5C575C72A57AE5D0021CC23 /* embri.xcdatamodel */;
			path = embri.xcdatamodeld;
			sourceTree = "<group>";
			versionGroupType = wrapper.xcdatamodel;
		};
/* End XCVersionGroup section */
	};
	rootObject = A5C575B72A57AE5D0021CC23 /* Project object */;
}
